
Microsoft Visual Studio Solution File, Format Version 12.00
# Visual Studio Version 17
VisualStudioVersion = 17.9.34728.123
MinimumVisualStudioVersion = 10.0.40219.1
Project("{9A19103F-16F7-4668-BE54-9A1E7A4F7556}") = "ReleaseTool", "ReleaseTool\ReleaseTool.csproj", "{6EDE4888-CF17-4D00-9BBB-EA70C7EDE21C}"
EndProject
Project("{FAE04EC0-301F-11D3-BF4B-00C04F79EFBC}") = "AC_TranslationHelper", "AC_TranslationHelper\AC_TranslationHelper.csproj", "{B0BACC22-E405-49C7-9C63-FC53AD24276F}"
EndProject
Project("{2150E333-8FDC-42A3-9474-1A3956D46DE8}") = "_Solution", "_Solution", "{02EA681E-C7D8-13C7-8484-4AC65E1B71E8}"
	ProjectSection(SolutionItems) = preProject
		..\.gitignore = ..\.gitignore
		..\config\AutoTranslatorConfig.ini = ..\config\AutoTranslatorConfig.ini
		..\README.md = ..\README.md
	EndProjectSection
EndProject
Global
	GlobalSection(SolutionConfigurationPlatforms) = preSolution
		Debug|Any CPU = Debug|Any CPU
		Release|Any CPU = Release|Any CPU
	EndGlobalSection
	GlobalSection(ProjectConfigurationPlatforms) = postSolution
		{6EDE4888-CF17-4D00-9BBB-EA70C7EDE21C}.Debug|Any CPU.ActiveCfg = Debug|Any CPU
		{6EDE4888-CF17-4D00-9BBB-EA70C7EDE21C}.Debug|Any CPU.Build.0 = Debug|Any CPU
		{6EDE4888-CF17-4D00-9BBB-EA70C7EDE21C}.Release|Any CPU.ActiveCfg = Release|Any CPU
		{6EDE4888-CF17-4D00-9BBB-EA70C7EDE21C}.Release|Any CPU.Build.0 = Release|Any CPU
		{B0BACC22-E405-49C7-9C63-FC53AD24276F}.Debug|Any CPU.ActiveCfg = Debug|Any CPU
		{B0BACC22-E405-49C7-9C63-FC53AD24276F}.Debug|Any CPU.Build.0 = Debug|Any CPU
		{B0BACC22-E405-49C7-9C63-FC53AD24276F}.Release|Any CPU.ActiveCfg = Release|Any CPU
		{B0BACC22-E405-49C7-9C63-FC53AD24276F}.Release|Any CPU.Build.0 = Release|Any CPU
	EndGlobalSection
	GlobalSection(SolutionProperties) = preSolution
		HideSolutionNode = FALSE
	EndGlobalSection
	GlobalSection(ExtensibilityGlobals) = postSolution
		SolutionGuid = {95D26226-373F-4A51-B900-FFAE06B88143}
	EndGlobalSection
EndGlobal
